
Microsoft Visual Studio Solution File, Format Version 12.00
# Visual Studio Version 17
VisualStudioVersion = 17.5.002.0
MinimumVisualStudioVersion = 10.0.40219.1
Project("{2150E333-8FDC-42A3-9474-1A3956D46DE8}") = "Introduccion", "Introduccion", "{FD0E741F-99C4-4829-888F-577F9DBBC564}"
EndProject
Project("{9A19103F-16F7-4668-BE54-9A1E7A4F7556}") = "Mi primer programa en c#", "Introduccion\Mi primer programa en c#\Mi primer programa en c#.csproj", "{0485624C-678F-4C85-8D79-0BE8FEF39735}"
EndProject
Global
	GlobalSection(SolutionConfigurationPlatforms) = preSolution
		Debug|Any CPU = Debug|Any CPU
		Release|Any CPU = Release|Any CPU
	EndGlobalSection
	GlobalSection(ProjectConfigurationPlatforms) = postSolution
		{0485624C-678F-4C85-8D79-0BE8FEF39735}.Debug|Any CPU.ActiveCfg = Debug|Any CPU
		{0485624C-678F-4C85-8D79-0BE8FEF39735}.Debug|Any CPU.Build.0 = Debug|Any CPU
		{0485624C-678F-4C85-8D79-0BE8FEF39735}.Release|Any CPU.ActiveCfg = Release|Any CPU
		{0485624C-678F-4C85-8D79-0BE8FEF39735}.Release|Any CPU.Build.0 = Release|Any CPU
	EndGlobalSection
	GlobalSection(SolutionProperties) = preSolution
		HideSolutionNode = FALSE
	EndGlobalSection
	GlobalSection(NestedProjects) = preSolution
		{0485624C-678F-4C85-8D79-0BE8FEF39735} = {FD0E741F-99C4-4829-888F-577F9DBBC564}
	EndGlobalSection
	GlobalSection(ExtensibilityGlobals) = postSolution
		SolutionGuid = {10259549-EA7C-4449-A109-C961B5708CA5}
	EndGlobalSection
EndGlobal
