
Microsoft Visual Studio Solution File, Format Version 12.00
# Visual Studio Version 17
VisualStudioVersion = 17.5.002.0
MinimumVisualStudioVersion = 10.0.40219.1
Project("{2150E333-8FDC-42A3-9474-1A3956D46DE8}") = "Introduccion", "Introduccion", "{F2D084C7-0E22-4E76-A2B9-2D3E1A8EDD17}"
EndProject
Project("{9A19103F-16F7-4668-BE54-9A1E7A4F7556}") = "Mi primer programa en c#", "Introduccion\Mi primer programa en c#\Mi primer programa en c#.csproj", "{9CC3501A-5140-499E-84AD-A7A2C1D1806C}"
EndProject
Global
	GlobalSection(SolutionConfigurationPlatforms) = preSolution
		Debug|Any CPU = Debug|Any CPU
		Release|Any CPU = Release|Any CPU
	EndGlobalSection
	GlobalSection(ProjectConfigurationPlatforms) = postSolution
		{9CC3501A-5140-499E-84AD-A7A2C1D1806C}.Debug|Any CPU.ActiveCfg = Debug|Any CPU
		{9CC3501A-5140-499E-84AD-A7A2C1D1806C}.Debug|Any CPU.Build.0 = Debug|Any CPU
		{9CC3501A-5140-499E-84AD-A7A2C1D1806C}.Release|Any CPU.ActiveCfg = Release|Any CPU
		{9CC3501A-5140-499E-84AD-A7A2C1D1806C}.Release|Any CPU.Build.0 = Release|Any CPU
	EndGlobalSection
	GlobalSection(SolutionProperties) = preSolution
		HideSolutionNode = FALSE
	EndGlobalSection
	GlobalSection(NestedProjects) = preSolution
		{9CC3501A-5140-499E-84AD-A7A2C1D1806C} = {F2D084C7-0E22-4E76-A2B9-2D3E1A8EDD17}
	EndGlobalSection
	GlobalSection(ExtensibilityGlobals) = postSolution
		SolutionGuid = {10259549-EA7C-4449-A109-C961B5708CA5}
	EndGlobalSection
EndGlobal
