
Microsoft Visual Studio Solution File, Format Version 12.00
# Visual Studio Version 17
VisualStudioVersion = 17.5.002.0
MinimumVisualStudioVersion = 10.0.40219.1
Project("{2150E333-8FDC-42A3-9474-1A3956D46DE8}") = "Introduccion", "Introduccion", "{61C5C67C-AEA2-4D4C-8B09-3DB0BAEFBD53}"
EndProject
Project("{9A19103F-16F7-4668-BE54-9A1E7A4F7556}") = "Mi primer programa en c#", "Introduccion\Mi primer programa en c#\Mi primer programa en c#.csproj", "{E418BABB-C3C1-4469-8ECB-5F22F0327CDF}"
EndProject
Global
	GlobalSection(SolutionConfigurationPlatforms) = preSolution
		Debug|Any CPU = Debug|Any CPU
		Release|Any CPU = Release|Any CPU
	EndGlobalSection
	GlobalSection(ProjectConfigurationPlatforms) = postSolution
		{E418BABB-C3C1-4469-8ECB-5F22F0327CDF}.Debug|Any CPU.ActiveCfg = Debug|Any CPU
		{E418BABB-C3C1-4469-8ECB-5F22F0327CDF}.Debug|Any CPU.Build.0 = Debug|Any CPU
		{E418BABB-C3C1-4469-8ECB-5F22F0327CDF}.Release|Any CPU.ActiveCfg = Release|Any CPU
		{E418BABB-C3C1-4469-8ECB-5F22F0327CDF}.Release|Any CPU.Build.0 = Release|Any CPU
	EndGlobalSection
	GlobalSection(SolutionProperties) = preSolution
		HideSolutionNode = FALSE
	EndGlobalSection
	GlobalSection(NestedProjects) = preSolution
		{E418BABB-C3C1-4469-8ECB-5F22F0327CDF} = {61C5C67C-AEA2-4D4C-8B09-3DB0BAEFBD53}
	EndGlobalSection
	GlobalSection(ExtensibilityGlobals) = postSolution
		SolutionGuid = {10259549-EA7C-4449-A109-C961B5708CA5}
	EndGlobalSection
EndGlobal
