
Microsoft Visual Studio Solution File, Format Version 12.00
# Visual Studio Version 17
VisualStudioVersion = 17.5.002.0
MinimumVisualStudioVersion = 10.0.40219.1
Project("{9A19103F-16F7-4668-BE54-9A1E7A4F7556}") = "Mi primer programa en c#", "Mi primer programa en c#.csproj", "{0399F80A-CEDE-4231-A846-CFD471D036F0}"
EndProject
Global
	GlobalSection(SolutionConfigurationPlatforms) = preSolution
		Debug|Any CPU = Debug|Any CPU
		Release|Any CPU = Release|Any CPU
	EndGlobalSection
	GlobalSection(ProjectConfigurationPlatforms) = postSolution
		{0399F80A-CEDE-4231-A846-CFD471D036F0}.Debug|Any CPU.ActiveCfg = Debug|Any CPU
		{0399F80A-CEDE-4231-A846-CFD471D036F0}.Debug|Any CPU.Build.0 = Debug|Any CPU
		{0399F80A-CEDE-4231-A846-CFD471D036F0}.Release|Any CPU.ActiveCfg = Release|Any CPU
		{0399F80A-CEDE-4231-A846-CFD471D036F0}.Release|Any CPU.Build.0 = Release|Any CPU
	EndGlobalSection
	GlobalSection(SolutionProperties) = preSolution
		HideSolutionNode = FALSE
	EndGlobalSection
	GlobalSection(ExtensibilityGlobals) = postSolution
		SolutionGuid = {10259549-EA7C-4449-A109-C961B5708CA5}
	EndGlobalSection
EndGlobal
